
Microsoft Visual Studio Solution File, Format Version 12.00
# Visual Studio Version 16
VisualStudioVersion = 16.0.31624.102
MinimumVisualStudioVersion = 10.0.40219.1
Project("{FAE04EC0-301F-11D3-BF4B-00C04F79EFBC}") = "GenericLoginAspNetMvc", "GenericLoginAspNetMvc\GenericLoginAspNetMvc.csproj", "{AD973C3C-B20A-4B89-BB3E-925B86D8DFAC}"
EndProject
Global
	GlobalSection(SolutionConfigurationPlatforms) = preSolution
		Debug|Any CPU = Debug|Any CPU
		Release|Any CPU = Release|Any CPU
	EndGlobalSection
	GlobalSection(ProjectConfigurationPlatforms) = postSolution
		{AD973C3C-B20A-4B89-BB3E-925B86D8DFAC}.Debug|Any CPU.ActiveCfg = Debug|Any CPU
		{AD973C3C-B20A-4B89-BB3E-925B86D8DFAC}.Debug|Any CPU.Build.0 = Debug|Any CPU
		{AD973C3C-B20A-4B89-BB3E-925B86D8DFAC}.Release|Any CPU.ActiveCfg = Release|Any CPU
		{AD973C3C-B20A-4B89-BB3E-925B86D8DFAC}.Release|Any CPU.Build.0 = Release|Any CPU
	EndGlobalSection
	GlobalSection(SolutionProperties) = preSolution
		HideSolutionNode = FALSE
	EndGlobalSection
	GlobalSection(ExtensibilityGlobals) = postSolution
		SolutionGuid = {DC6F01D6-C30B-4367-9DDD-EE93D8A9BBB6}
	EndGlobalSection
EndGlobal
